
Microsoft Visual Studio Solution File, Format Version 12.00
# Visual Studio Version 17
VisualStudioVersion = 17.14.37012.4 d17.14
MinimumVisualStudioVersion = 10.0.40219.1
Project("{FAE04EC0-301F-11D3-BF4B-00C04F79EFBC}") = "Lab_06_OOP", "Lab_06_OOP\Lab_06_OOP.csproj", "{DCF7ECD3-6EC7-4E34-8333-8CDD599CA766}"
EndProject
Global
	GlobalSection(SolutionConfigurationPlatforms) = preSolution
		Debug|Any CPU = Debug|Any CPU
		Release|Any CPU = Release|Any CPU
	EndGlobalSection
	GlobalSection(ProjectConfigurationPlatforms) = postSolution
		{DCF7ECD3-6EC7-4E34-8333-8CDD599CA766}.Debug|Any CPU.ActiveCfg = Debug|Any CPU
		{DCF7ECD3-6EC7-4E34-8333-8CDD599CA766}.Debug|Any CPU.Build.0 = Debug|Any CPU
		{DCF7ECD3-6EC7-4E34-8333-8CDD599CA766}.Release|Any CPU.ActiveCfg = Release|Any CPU
		{DCF7ECD3-6EC7-4E34-8333-8CDD599CA766}.Release|Any CPU.Build.0 = Release|Any CPU
	EndGlobalSection
	GlobalSection(SolutionProperties) = preSolution
		HideSolutionNode = FALSE
	EndGlobalSection
	GlobalSection(ExtensibilityGlobals) = postSolution
		SolutionGuid = {D2CDB893-E12C-4776-A873-966CC719930F}
	EndGlobalSection
EndGlobal

